// !$*UTF8*$!
{
	archiveVersion = 1;
	classes = {
	};
	objectVersion = 46;
	objects = {

/* Begin PBXBuildFile section */
		39F7C89C38744A1B94D7C551 /* libPods.a in Frameworks */ = {isa = PBXBuildFile; fileRef = C09B21B298F94070B93753E4 /* libPods.a */; };
		C905B4EE19747CE300597899 /* LocalNotificationScheduler.m in Sources */ = {isa = PBXBuildFile; fileRef = C905B4ED19747CE300597899 /* LocalNotificationScheduler.m */; };
		C905B4F11974843A00597899 /* InstructionsViewController.m in Sources */ = {isa = PBXBuildFile; fileRef = C905B4F01974843A00597899 /* InstructionsViewController.m */; };
		C905B4F319748F9100597899 /* AudioToolbox.framework in Frameworks */ = {isa = PBXBuildFile; fileRef = C905B4F219748F9100597899 /* AudioToolbox.framework */; };
		C905B4F5197491EC00597899 /* bell.aif in Resources */ = {isa = PBXBuildFile; fileRef = C905B4F4197491EC00597899 /* bell.aif */; };
		C905B4F8197499F300597899 /* SoundEffectPlayer.m in Sources */ = {isa = PBXBuildFile; fileRef = C905B4F7197499F300597899 /* SoundEffectPlayer.m */; };
		C905B4FA1974AFD200597899 /* AVFoundation.framework in Frameworks */ = {isa = PBXBuildFile; fileRef = C905B4F91974AFD200597899 /* AVFoundation.framework */; };
		C9408007196B481800A55343 /* Foundation.framework in Frameworks */ = {isa = PBXBuildFile; fileRef = C9408006196B481800A55343 /* Foundation.framework */; };
		C9408009196B481800A55343 /* CoreGraphics.framework in Frameworks */ = {isa = PBXBuildFile; fileRef = C9408008196B481800A55343 /* CoreGraphics.framework */; };
		C940800B196B481800A55343 /* UIKit.framework in Frameworks */ = {isa = PBXBuildFile; fileRef = C940800A196B481800A55343 /* UIKit.framework */; };
		C9408011196B481800A55343 /* InfoPlist.strings in Resources */ = {isa = PBXBuildFile; fileRef = C940800F196B481800A55343 /* InfoPlist.strings */; };
		C9408013196B481800A55343 /* main.m in Sources */ = {isa = PBXBuildFile; fileRef = C9408012196B481800A55343 /* main.m */; };
		C9408017196B481800A55343 /* AppDelegate.m in Sources */ = {isa = PBXBuildFile; fileRef = C9408016196B481800A55343 /* AppDelegate.m */; };
		C940801A196B481800A55343 /* Main_iPhone.storyboard in Resources */ = {isa = PBXBuildFile; fileRef = C9408018196B481800A55343 /* Main_iPhone.storyboard */; };
		C940801D196B481800A55343 /* Main_iPad.storyboard in Resources */ = {isa = PBXBuildFile; fileRef = C940801B196B481800A55343 /* Main_iPad.storyboard */; };
		C9408022196B481800A55343 /* Images.xcassets in Resources */ = {isa = PBXBuildFile; fileRef = C9408021196B481800A55343 /* Images.xcassets */; };
		C9408029196B481900A55343 /* XCTest.framework in Frameworks */ = {isa = PBXBuildFile; fileRef = C9408028196B481900A55343 /* XCTest.framework */; };
		C940802A196B481900A55343 /* Foundation.framework in Frameworks */ = {isa = PBXBuildFile; fileRef = C9408006196B481800A55343 /* Foundation.framework */; };
		C940802B196B481900A55343 /* UIKit.framework in Frameworks */ = {isa = PBXBuildFile; fileRef = C940800A196B481800A55343 /* UIKit.framework */; };
		C9408033196B481900A55343 /* InfoPlist.strings in Resources */ = {isa = PBXBuildFile; fileRef = C9408031196B481900A55343 /* InfoPlist.strings */; };
		C9408035196B481900A55343 /* MeditatorTests.m in Sources */ = {isa = PBXBuildFile; fileRef = C9408034196B481900A55343 /* MeditatorTests.m */; };
		C9408043196B622F00A55343 /* SettingsTableViewController.m in Sources */ = {isa = PBXBuildFile; fileRef = C9408042196B622F00A55343 /* SettingsTableViewController.m */; };
		C940804C196B6EE600A55343 /* SelectorCell.m in Sources */ = {isa = PBXBuildFile; fileRef = C940804A196B6EE600A55343 /* SelectorCell.m */; };
		C940804D196B6EE600A55343 /* SelectorCell.xib in Resources */ = {isa = PBXBuildFile; fileRef = C940804B196B6EE600A55343 /* SelectorCell.xib */; };
		C9408053196CA31D00A55343 /* TimerViewController.m in Sources */ = {isa = PBXBuildFile; fileRef = C9408052196CA31D00A55343 /* TimerViewController.m */; };
		C940805C196CB0C100A55343 /* TimerView.m in Sources */ = {isa = PBXBuildFile; fileRef = C940805B196CB0C100A55343 /* TimerView.m */; };
		C9408068196E1CF600A55343 /* Timer.m in Sources */ = {isa = PBXBuildFile; fileRef = C9408067196E1CF600A55343 /* Timer.m */; };
		C954B9CC1975DF6F00FD4FAB /* drum.aif in Resources */ = {isa = PBXBuildFile; fileRef = C954B9CB1975DF6F00FD4FAB /* drum.aif */; };
		C954B9DB19771E5900FD4FAB /* IntervalCell.m in Sources */ = {isa = PBXBuildFile; fileRef = C954B9D919771E5900FD4FAB /* IntervalCell.m */; };
		C954B9DC19771E5900FD4FAB /* IntervalCell.xib in Resources */ = {isa = PBXBuildFile; fileRef = C954B9DA19771E5900FD4FAB /* IntervalCell.xib */; };
		C954B9E01977277000FD4FAB /* IntervalCellDelegateAndDataSource.m in Sources */ = {isa = PBXBuildFile; fileRef = C954B9DF1977277000FD4FAB /* IntervalCellDelegateAndDataSource.m */; };
		C954B9E41977510800FD4FAB /* SingleIntervalCell.xib in Resources */ = {isa = PBXBuildFile; fileRef = C954B9E31977510800FD4FAB /* SingleIntervalCell.xib */; };
		C954B9E819787C1700FD4FAB /* StartCell.m in Sources */ = {isa = PBXBuildFile; fileRef = C954B9E619787C1700FD4FAB /* StartCell.m */; };
		C954B9E919787C1700FD4FAB /* StartCell.xib in Resources */ = {isa = PBXBuildFile; fileRef = C954B9E719787C1700FD4FAB /* StartCell.xib */; };
		C954B9F01979EBA500FD4FAB /* CompanyInfoTVController.m in Sources */ = {isa = PBXBuildFile; fileRef = C954B9EF1979EBA500FD4FAB /* CompanyInfoTVController.m */; };
		C954B9F41979EF9000FD4FAB /* AppCell.m in Sources */ = {isa = PBXBuildFile; fileRef = C954B9F21979EF9000FD4FAB /* AppCell.m */; };
		C954B9F51979EF9000FD4FAB /* AppCell.xib in Resources */ = {isa = PBXBuildFile; fileRef = C954B9F31979EF9000FD4FAB /* AppCell.xib */; };
		C954B9FA1979FB7F00FD4FAB /* AppDetailsViewController.m in Sources */ = {isa = PBXBuildFile; fileRef = C954B9F81979FB7F00FD4FAB /* AppDetailsViewController.m */; };
		C954B9FB1979FB7F00FD4FAB /* AppDetailsViewController.xib in Resources */ = {isa = PBXBuildFile; fileRef = C954B9F91979FB7F00FD4FAB /* AppDetailsViewController.xib */; };
		C954B9FE197DCCC000FD4FAB /* IAPHelper.m in Sources */ = {isa = PBXBuildFile; fileRef = C954B9FD197DCCC000FD4FAB /* IAPHelper.m */; };
		C954BA00197DD97600FD4FAB /* StoreKit.framework in Frameworks */ = {isa = PBXBuildFile; fileRef = C954B9FF197DD97600FD4FAB /* StoreKit.framework */; };
		C954BA04197DE61400FD4FAB /* MindTimerIAPHelper.m in Sources */ = {isa = PBXBuildFile; fileRef = C954BA03197DE61400FD4FAB /* MindTimerIAPHelper.m */; };
		C954BA07197F27A400FD4FAB /* Purchaser.m in Sources */ = {isa = PBXBuildFile; fileRef = C954BA06197F27A400FD4FAB /* Purchaser.m */; };
		C9901ED9196F4070005A8734 /* UIImage+BlurEffects.m in Sources */ = {isa = PBXBuildFile; fileRef = C9901ED8196F4070005A8734 /* UIImage+BlurEffects.m */; };
		C9901EDF1970B6E6005A8734 /* MorphingTimerLabel.m in Sources */ = {isa = PBXBuildFile; fileRef = C9901EDE1970B6E6005A8734 /* MorphingTimerLabel.m */; };
/* End PBXBuildFile section */

/* Begin PBXContainerItemProxy section */
		C940802C196B481900A55343 /* PBXContainerItemProxy */ = {
			isa = PBXContainerItemProxy;
			containerPortal = C9407FFB196B481800A55343 /* Project object */;
			proxyType = 1;
			remoteGlobalIDString = C9408002196B481800A55343;
			remoteInfo = Meditator;
		};
/* End PBXContainerItemProxy section */

/* Begin PBXFileReference section */
		B08891E72853412E87440466 /* Pods.xcconfig */ = {isa = PBXFileReference; includeInIndex = 1; lastKnownFileType = text.xcconfig; name = Pods.xcconfig; path = Pods/Pods.xcconfig; sourceTree = "<group>"; };
		C09B21B298F94070B93753E4 /* libPods.a */ = {isa = PBXFileReference; explicitFileType = archive.ar; includeInIndex = 0; path = libPods.a; sourceTree = BUILT_PRODUCTS_DIR; };
		C905B4EC19747CE300597899 /* LocalNotificationScheduler.h */ = {isa = PBXFileReference; fileEncoding = 4; lastKnownFileType = sourcecode.c.h; path = LocalNotificationScheduler.h; sourceTree = "<group>"; };
		C905B4ED19747CE300597899 /* LocalNotificationScheduler.m */ = {isa = PBXFileReference; fileEncoding = 4; lastKnownFileType = sourcecode.c.objc; path = LocalNotificationScheduler.m; sourceTree = "<group>"; };
		C905B4EF1974843A00597899 /* InstructionsViewController.h */ = {isa = PBXFileReference; fileEncoding = 4; lastKnownFileType = sourcecode.c.h; path = InstructionsViewController.h; sourceTree = "<group>"; };
		C905B4F01974843A00597899 /* InstructionsViewController.m */ = {isa = PBXFileReference; fileEncoding = 4; lastKnownFileType = sourcecode.c.objc; path = InstructionsViewController.m; sourceTree = "<group>"; };
		C905B4F219748F9100597899 /* AudioToolbox.framework */ = {isa = PBXFileReference; lastKnownFileType = wrapper.framework; name = AudioToolbox.framework; path = System/Library/Frameworks/AudioToolbox.framework; sourceTree = SDKROOT; };
		C905B4F4197491EC00597899 /* bell.aif */ = {isa = PBXFileReference; lastKnownFileType = file; path = bell.aif; sourceTree = "<group>"; };
		C905B4F6197499F300597899 /* SoundEffectPlayer.h */ = {isa = PBXFileReference; fileEncoding = 4; lastKnownFileType = sourcecode.c.h; path = SoundEffectPlayer.h; sourceTree = "<group>"; };
		C905B4F7197499F300597899 /* SoundEffectPlayer.m */ = {isa = PBXFileReference; fileEncoding = 4; lastKnownFileType = sourcecode.c.objc; path = SoundEffectPlayer.m; sourceTree = "<group>"; };
		C905B4F91974AFD200597899 /* AVFoundation.framework */ = {isa = PBXFileReference; lastKnownFileType = wrapper.framework; name = AVFoundation.framework; path = System/Library/Frameworks/AVFoundation.framework; sourceTree = SDKROOT; };
		C9408003196B481800A55343 /* mindtimer.app */ = {isa = PBXFileReference; explicitFileType = wrapper.application; includeInIndex = 0; path = mindtimer.app; sourceTree = BUILT_PRODUCTS_DIR; };
		C9408006196B481800A55343 /* Foundation.framework */ = {isa = PBXFileReference; lastKnownFileType = wrapper.framework; name = Foundation.framework; path = System/Library/Frameworks/Foundation.framework; sourceTree = SDKROOT; };
		C9408008196B481800A55343 /* CoreGraphics.framework */ = {isa = PBXFileReference; lastKnownFileType = wrapper.framework; name = CoreGraphics.framework; path = System/Library/Frameworks/CoreGraphics.framework; sourceTree = SDKROOT; };
		C940800A196B481800A55343 /* UIKit.framework */ = {isa = PBXFileReference; lastKnownFileType = wrapper.framework; name = UIKit.framework; path = System/Library/Frameworks/UIKit.framework; sourceTree = SDKROOT; };
		C940800E196B481800A55343 /* mindtimer-Info.plist */ = {isa = PBXFileReference; lastKnownFileType = text.plist.xml; path = "mindtimer-Info.plist"; sourceTree = "<group>"; };
		C9408010196B481800A55343 /* en */ = {isa = PBXFileReference; lastKnownFileType = text.plist.strings; name = en; path = en.lproj/InfoPlist.strings; sourceTree = "<group>"; };
		C9408012196B481800A55343 /* main.m */ = {isa = PBXFileReference; lastKnownFileType = sourcecode.c.objc; path = main.m; sourceTree = "<group>"; };
		C9408014196B481800A55343 /* mindtimer-Prefix.pch */ = {isa = PBXFileReference; lastKnownFileType = sourcecode.c.h; path = "mindtimer-Prefix.pch"; sourceTree = "<group>"; };
		C9408015196B481800A55343 /* AppDelegate.h */ = {isa = PBXFileReference; lastKnownFileType = sourcecode.c.h; path = AppDelegate.h; sourceTree = "<group>"; };
		C9408016196B481800A55343 /* AppDelegate.m */ = {isa = PBXFileReference; lastKnownFileType = sourcecode.c.objc; path = AppDelegate.m; sourceTree = "<group>"; };
		C9408019196B481800A55343 /* Base */ = {isa = PBXFileReference; lastKnownFileType = file.storyboard; name = Base; path = Base.lproj/Main_iPhone.storyboard; sourceTree = "<group>"; };
		C940801C196B481800A55343 /* Base */ = {isa = PBXFileReference; lastKnownFileType = file.storyboard; name = Base; path = Base.lproj/Main_iPad.storyboard; sourceTree = "<group>"; };
		C9408021196B481800A55343 /* Images.xcassets */ = {isa = PBXFileReference; lastKnownFileType = folder.assetcatalog; path = Images.xcassets; sourceTree = "<group>"; };
		C9408027196B481900A55343 /* mindtimerTests.xctest */ = {isa = PBXFileReference; explicitFileType = wrapper.cfbundle; includeInIndex = 0; path = mindtimerTests.xctest; sourceTree = BUILT_PRODUCTS_DIR; };
		C9408028196B481900A55343 /* XCTest.framework */ = {isa = PBXFileReference; lastKnownFileType = wrapper.framework; name = XCTest.framework; path = Library/Frameworks/XCTest.framework; sourceTree = DEVELOPER_DIR; };
		C9408030196B481900A55343 /* mindtimerTests-Info.plist */ = {isa = PBXFileReference; lastKnownFileType = text.plist.xml; path = "mindtimerTests-Info.plist"; sourceTree = "<group>"; };
		C9408032196B481900A55343 /* en */ = {isa = PBXFileReference; lastKnownFileType = text.plist.strings; name = en; path = en.lproj/InfoPlist.strings; sourceTree = "<group>"; };
		C9408034196B481900A55343 /* MeditatorTests.m */ = {isa = PBXFileReference; lastKnownFileType = sourcecode.c.objc; path = MeditatorTests.m; sourceTree = "<group>"; };
		C9408041196B622F00A55343 /* SettingsTableViewController.h */ = {isa = PBXFileReference; fileEncoding = 4; lastKnownFileType = sourcecode.c.h; path = SettingsTableViewController.h; sourceTree = "<group>"; };
		C9408042196B622F00A55343 /* SettingsTableViewController.m */ = {isa = PBXFileReference; fileEncoding = 4; lastKnownFileType = sourcecode.c.objc; path = SettingsTableViewController.m; sourceTree = "<group>"; };
		C9408049196B6EE600A55343 /* SelectorCell.h */ = {isa = PBXFileReference; fileEncoding = 4; lastKnownFileType = sourcecode.c.h; path = SelectorCell.h; sourceTree = "<group>"; };
		C940804A196B6EE600A55343 /* SelectorCell.m */ = {isa = PBXFileReference; fileEncoding = 4; lastKnownFileType = sourcecode.c.objc; path = SelectorCell.m; sourceTree = "<group>"; };
		C940804B196B6EE600A55343 /* SelectorCell.xib */ = {isa = PBXFileReference; fileEncoding = 4; lastKnownFileType = file.xib; path = SelectorCell.xib; sourceTree = "<group>"; };
		C9408051196CA31D00A55343 /* TimerViewController.h */ = {isa = PBXFileReference; fileEncoding = 4; lastKnownFileType = sourcecode.c.h; path = TimerViewController.h; sourceTree = "<group>"; };
		C9408052196CA31D00A55343 /* TimerViewController.m */ = {isa = PBXFileReference; fileEncoding = 4; lastKnownFileType = sourcecode.c.objc; path = TimerViewController.m; sourceTree = "<group>"; };
		C940805A196CB0C100A55343 /* TimerView.h */ = {isa = PBXFileReference; fileEncoding = 4; lastKnownFileType = sourcecode.c.h; path = TimerView.h; sourceTree = "<group>"; };
		C940805B196CB0C100A55343 /* TimerView.m */ = {isa = PBXFileReference; fileEncoding = 4; lastKnownFileType = sourcecode.c.objc; path = TimerView.m; sourceTree = "<group>"; };
		C9408066196E1CF600A55343 /* Timer.h */ = {isa = PBXFileReference; fileEncoding = 4; lastKnownFileType = sourcecode.c.h; path = Timer.h; sourceTree = "<group>"; };
		C9408067196E1CF600A55343 /* Timer.m */ = {isa = PBXFileReference; fileEncoding = 4; lastKnownFileType = sourcecode.c.objc; path = Timer.m; sourceTree = "<group>"; };
		C954B9CB1975DF6F00FD4FAB /* drum.aif */ = {isa = PBXFileReference; lastKnownFileType = file; path = drum.aif; sourceTree = "<group>"; };
		C954B9D819771E5900FD4FAB /* IntervalCell.h */ = {isa = PBXFileReference; fileEncoding = 4; lastKnownFileType = sourcecode.c.h; path = IntervalCell.h; sourceTree = "<group>"; };
		C954B9D919771E5900FD4FAB /* IntervalCell.m */ = {isa = PBXFileReference; fileEncoding = 4; lastKnownFileType = sourcecode.c.objc; path = IntervalCell.m; sourceTree = "<group>"; };
		C954B9DA19771E5900FD4FAB /* IntervalCell.xib */ = {isa = PBXFileReference; fileEncoding = 4; lastKnownFileType = file.xib; path = IntervalCell.xib; sourceTree = "<group>"; };
		C954B9DE1977277000FD4FAB /* IntervalCellDelegateAndDataSource.h */ = {isa = PBXFileReference; fileEncoding = 4; lastKnownFileType = sourcecode.c.h; path = IntervalCellDelegateAndDataSource.h; sourceTree = "<group>"; };
		C954B9DF1977277000FD4FAB /* IntervalCellDelegateAndDataSource.m */ = {isa = PBXFileReference; fileEncoding = 4; lastKnownFileType = sourcecode.c.objc; path = IntervalCellDelegateAndDataSource.m; sourceTree = "<group>"; };
		C954B9E31977510800FD4FAB /* SingleIntervalCell.xib */ = {isa = PBXFileReference; fileEncoding = 4; lastKnownFileType = file.xib; path = SingleIntervalCell.xib; sourceTree = "<group>"; };
		C954B9E519787C1700FD4FAB /* StartCell.h */ = {isa = PBXFileReference; fileEncoding = 4; lastKnownFileType = sourcecode.c.h; path = StartCell.h; sourceTree = "<group>"; };
		C954B9E619787C1700FD4FAB /* StartCell.m */ = {isa = PBXFileReference; fileEncoding = 4; lastKnownFileType = sourcecode.c.objc; path = StartCell.m; sourceTree = "<group>"; };
		C954B9E719787C1700FD4FAB /* StartCell.xib */ = {isa = PBXFileReference; fileEncoding = 4; lastKnownFileType = file.xib; path = StartCell.xib; sourceTree = "<group>"; };
		C954B9EE1979EBA500FD4FAB /* CompanyInfoTVController.h */ = {isa = PBXFileReference; fileEncoding = 4; lastKnownFileType = sourcecode.c.h; path = CompanyInfoTVController.h; sourceTree = "<group>"; };
		C954B9EF1979EBA500FD4FAB /* CompanyInfoTVController.m */ = {isa = PBXFileReference; fileEncoding = 4; lastKnownFileType = sourcecode.c.objc; path = CompanyInfoTVController.m; sourceTree = "<group>"; };
		C954B9F11979EF9000FD4FAB /* AppCell.h */ = {isa = PBXFileReference; fileEncoding = 4; lastKnownFileType = sourcecode.c.h; path = AppCell.h; sourceTree = "<group>"; };
		C954B9F21979EF9000FD4FAB /* AppCell.m */ = {isa = PBXFileReference; fileEncoding = 4; lastKnownFileType = sourcecode.c.objc; path = AppCell.m; sourceTree = "<group>"; };
		C954B9F31979EF9000FD4FAB /* AppCell.xib */ = {isa = PBXFileReference; fileEncoding = 4; lastKnownFileType = file.xib; path = AppCell.xib; sourceTree = "<group>"; };
		C954B9F71979FB7F00FD4FAB /* AppDetailsViewController.h */ = {isa = PBXFileReference; fileEncoding = 4; lastKnownFileType = sourcecode.c.h; path = AppDetailsViewController.h; sourceTree = "<group>"; };
		C954B9F81979FB7F00FD4FAB /* AppDetailsViewController.m */ = {isa = PBXFileReference; fileEncoding = 4; lastKnownFileType = sourcecode.c.objc; path = AppDetailsViewController.m; sourceTree = "<group>"; };
		C954B9F91979FB7F00FD4FAB /* AppDetailsViewController.xib */ = {isa = PBXFileReference; fileEncoding = 4; lastKnownFileType = file.xib; path = AppDetailsViewController.xib; sourceTree = "<group>"; };
		C954B9FC197DCCC000FD4FAB /* IAPHelper.h */ = {isa = PBXFileReference; fileEncoding = 4; lastKnownFileType = sourcecode.c.h; path = IAPHelper.h; sourceTree = "<group>"; };
		C954B9FD197DCCC000FD4FAB /* IAPHelper.m */ = {isa = PBXFileReference; fileEncoding = 4; lastKnownFileType = sourcecode.c.objc; path = IAPHelper.m; sourceTree = "<group>"; };
		C954B9FF197DD97600FD4FAB /* StoreKit.framework */ = {isa = PBXFileReference; lastKnownFileType = wrapper.framework; name = StoreKit.framework; path = System/Library/Frameworks/StoreKit.framework; sourceTree = SDKROOT; };
		C954BA02197DE61400FD4FAB /* MindTimerIAPHelper.h */ = {isa = PBXFileReference; fileEncoding = 4; lastKnownFileType = sourcecode.c.h; path = MindTimerIAPHelper.h; sourceTree = "<group>"; };
		C954BA03197DE61400FD4FAB /* MindTimerIAPHelper.m */ = {isa = PBXFileReference; fileEncoding = 4; lastKnownFileType = sourcecode.c.objc; path = MindTimerIAPHelper.m; sourceTree = "<group>"; };
		C954BA05197F27A400FD4FAB /* Purchaser.h */ = {isa = PBXFileReference; fileEncoding = 4; lastKnownFileType = sourcecode.c.h; path = Purchaser.h; sourceTree = "<group>"; };
		C954BA06197F27A400FD4FAB /* Purchaser.m */ = {isa = PBXFileReference; fileEncoding = 4; lastKnownFileType = sourcecode.c.objc; path = Purchaser.m; sourceTree = "<group>"; };
		C9901ED7196F4070005A8734 /* UIImage+BlurEffects.h */ = {isa = PBXFileReference; fileEncoding = 4; lastKnownFileType = sourcecode.c.h; path = "UIImage+BlurEffects.h"; sourceTree = "<group>"; };
		C9901ED8196F4070005A8734 /* UIImage+BlurEffects.m */ = {isa = PBXFileReference; fileEncoding = 4; lastKnownFileType = sourcecode.c.objc; path = "UIImage+BlurEffects.m"; sourceTree = "<group>"; };
		C9901EDD1970B6E6005A8734 /* MorphingTimerLabel.h */ = {isa = PBXFileReference; fileEncoding = 4; lastKnownFileType = sourcecode.c.h; path = MorphingTimerLabel.h; sourceTree = "<group>"; };
		C9901EDE1970B6E6005A8734 /* MorphingTimerLabel.m */ = {isa = PBXFileReference; fileEncoding = 4; lastKnownFileType = sourcecode.c.objc; path = MorphingTimerLabel.m; sourceTree = "<group>"; };
/* End PBXFileReference section */

/* Begin PBXFrameworksBuildPhase section */
		C9408000196B481800A55343 /* Frameworks */ = {
			isa = PBXFrameworksBuildPhase;
			buildActionMask = 2147483647;
			files = (
				C954BA00197DD97600FD4FAB /* StoreKit.framework in Frameworks */,
				C905B4FA1974AFD200597899 /* AVFoundation.framework in Frameworks */,
				C905B4F319748F9100597899 /* AudioToolbox.framework in Frameworks */,
				C9408009196B481800A55343 /* CoreGraphics.framework in Frameworks */,
				C940800B196B481800A55343 /* UIKit.framework in Frameworks */,
				C9408007196B481800A55343 /* Foundation.framework in Frameworks */,
				39F7C89C38744A1B94D7C551 /* libPods.a in Frameworks */,
			);
			runOnlyForDeploymentPostprocessing = 0;
		};
		C9408024196B481900A55343 /* Frameworks */ = {
			isa = PBXFrameworksBuildPhase;
			buildActionMask = 2147483647;
			files = (
				C9408029196B481900A55343 /* XCTest.framework in Frameworks */,
				C940802B196B481900A55343 /* UIKit.framework in Frameworks */,
				C940802A196B481900A55343 /* Foundation.framework in Frameworks */,
			);
			runOnlyForDeploymentPostprocessing = 0;
		};
/* End PBXFrameworksBuildPhase section */

/* Begin PBXGroup section */
		C9407FFA196B481800A55343 = {
			isa = PBXGroup;
			children = (
				C940800C196B481800A55343 /* Meditator */,
				C940800D196B481800A55343 /* Supporting Files */,
				C940802E196B481900A55343 /* MeditatorTests */,
				C9408005196B481800A55343 /* Frameworks */,
				C9408004196B481800A55343 /* Products */,
				B08891E72853412E87440466 /* Pods.xcconfig */,
			);
			sourceTree = "<group>";
		};
		C9408004196B481800A55343 /* Products */ = {
			isa = PBXGroup;
			children = (
				C9408003196B481800A55343 /* mindtimer.app */,
				C9408027196B481900A55343 /* mindtimerTests.xctest */,
			);
			name = Products;
			sourceTree = "<group>";
		};
		C9408005196B481800A55343 /* Frameworks */ = {
			isa = PBXGroup;
			children = (
				C954B9FF197DD97600FD4FAB /* StoreKit.framework */,
				C905B4F91974AFD200597899 /* AVFoundation.framework */,
				C905B4F219748F9100597899 /* AudioToolbox.framework */,
				C9408006196B481800A55343 /* Foundation.framework */,
				C9408008196B481800A55343 /* CoreGraphics.framework */,
				C940800A196B481800A55343 /* UIKit.framework */,
				C9408028196B481900A55343 /* XCTest.framework */,
				C09B21B298F94070B93753E4 /* libPods.a */,
			);
			name = Frameworks;
			sourceTree = "<group>";
		};
		C940800C196B481800A55343 /* Meditator */ = {
			isa = PBXGroup;
			children = (
				C9408015196B481800A55343 /* AppDelegate.h */,
				C9408016196B481800A55343 /* AppDelegate.m */,
				C9408018196B481800A55343 /* Main_iPhone.storyboard */,
				C940801B196B481800A55343 /* Main_iPad.storyboard */,
				C9408021196B481800A55343 /* Images.xcassets */,
				C905B4EF1974843A00597899 /* InstructionsViewController.h */,
				C905B4F01974843A00597899 /* InstructionsViewController.m */,
				C9408041196B622F00A55343 /* SettingsTableViewController.h */,
				C9408042196B622F00A55343 /* SettingsTableViewController.m */,
				C9408051196CA31D00A55343 /* TimerViewController.h */,
				C9408052196CA31D00A55343 /* TimerViewController.m */,
				C954B9EE1979EBA500FD4FAB /* CompanyInfoTVController.h */,
				C954B9EF1979EBA500FD4FAB /* CompanyInfoTVController.m */,
				C954BA01197DE59F00FD4FAB /* App Details */,
				C9408050196C99A600A55343 /* Cells */,
				C940805A196CB0C100A55343 /* TimerView.h */,
				C940805B196CB0C100A55343 /* TimerView.m */,
				C9901ED7196F4070005A8734 /* UIImage+BlurEffects.h */,
				C9901ED8196F4070005A8734 /* UIImage+BlurEffects.m */,
				C9901EDD1970B6E6005A8734 /* MorphingTimerLabel.h */,
				C9901EDE1970B6E6005A8734 /* MorphingTimerLabel.m */,
				C9408066196E1CF600A55343 /* Timer.h */,
				C9408067196E1CF600A55343 /* Timer.m */,
				C905B4EC19747CE300597899 /* LocalNotificationScheduler.h */,
				C905B4ED19747CE300597899 /* LocalNotificationScheduler.m */,
				C905B4F6197499F300597899 /* SoundEffectPlayer.h */,
				C905B4F7197499F300597899 /* SoundEffectPlayer.m */,
				C954B9FC197DCCC000FD4FAB /* IAPHelper.h */,
				C954B9FD197DCCC000FD4FAB /* IAPHelper.m */,
				C954BA02197DE61400FD4FAB /* MindTimerIAPHelper.h */,
				C954BA03197DE61400FD4FAB /* MindTimerIAPHelper.m */,
				C954BA05197F27A400FD4FAB /* Purchaser.h */,
				C954BA06197F27A400FD4FAB /* Purchaser.m */,
			);
			path = Meditator;
			sourceTree = "<group>";
		};
		C940800D196B481800A55343 /* Supporting Files */ = {
			isa = PBXGroup;
			children = (
				C905B4F4197491EC00597899 /* bell.aif */,
				C954B9CB1975DF6F00FD4FAB /* drum.aif */,
				C940800E196B481800A55343 /* mindtimer-Info.plist */,
				C940800F196B481800A55343 /* InfoPlist.strings */,
				C9408012196B481800A55343 /* main.m */,
				C9408014196B481800A55343 /* mindtimer-Prefix.pch */,
			);
			name = "Supporting Files";
			path = Meditator;
			sourceTree = "<group>";
		};
		C940802E196B481900A55343 /* MeditatorTests */ = {
			isa = PBXGroup;
			children = (
				C9408034196B481900A55343 /* MeditatorTests.m */,
				C940802F196B481900A55343 /* Supporting Files */,
			);
			path = MeditatorTests;
			sourceTree = "<group>";
		};
		C940802F196B481900A55343 /* Supporting Files */ = {
			isa = PBXGroup;
			children = (
				C9408030196B481900A55343 /* mindtimerTests-Info.plist */,
				C9408031196B481900A55343 /* InfoPlist.strings */,
			);
			name = "Supporting Files";
			sourceTree = "<group>";
		};
		C940804E196C98F500A55343 /* Selector */ = {
			isa = PBXGroup;
			children = (
				C9408049196B6EE600A55343 /* SelectorCell.h */,
				C940804A196B6EE600A55343 /* SelectorCell.m */,
				C940804B196B6EE600A55343 /* SelectorCell.xib */,
			);
			name = Selector;
			sourceTree = "<group>";
		};
		C9408050196C99A600A55343 /* Cells */ = {
			isa = PBXGroup;
			children = (
				C940804E196C98F500A55343 /* Selector */,
				C954B9DD1977273900FD4FAB /* Interval */,
				C954B9EA19787DCB00FD4FAB /* Start */,
				C954B9F61979F36900FD4FAB /* App */,
			);
			name = Cells;
			sourceTree = "<group>";
		};
		C954B9DD1977273900FD4FAB /* Interval */ = {
			isa = PBXGroup;
			children = (
				C954B9D819771E5900FD4FAB /* IntervalCell.h */,
				C954B9D919771E5900FD4FAB /* IntervalCell.m */,
				C954B9DA19771E5900FD4FAB /* IntervalCell.xib */,
				C954B9DE1977277000FD4FAB /* IntervalCellDelegateAndDataSource.h */,
				C954B9DF1977277000FD4FAB /* IntervalCellDelegateAndDataSource.m */,
				C954B9E31977510800FD4FAB /* SingleIntervalCell.xib */,
			);
			name = Interval;
			sourceTree = "<group>";
		};
		C954B9EA19787DCB00FD4FAB /* Start */ = {
			isa = PBXGroup;
			children = (
				C954B9E519787C1700FD4FAB /* StartCell.h */,
				C954B9E619787C1700FD4FAB /* StartCell.m */,
				C954B9E719787C1700FD4FAB /* StartCell.xib */,
			);
			name = Start;
			sourceTree = "<group>";
		};
		C954B9F61979F36900FD4FAB /* App */ = {
			isa = PBXGroup;
			children = (
				C954B9F11979EF9000FD4FAB /* AppCell.h */,
				C954B9F21979EF9000FD4FAB /* AppCell.m */,
				C954B9F31979EF9000FD4FAB /* AppCell.xib */,
			);
			name = App;
			sourceTree = "<group>";
		};
		C954BA01197DE59F00FD4FAB /* App Details */ = {
			isa = PBXGroup;
			children = (
				C954B9F71979FB7F00FD4FAB /* AppDetailsViewController.h */,
				C954B9F81979FB7F00FD4FAB /* AppDetailsViewController.m */,
				C954B9F91979FB7F00FD4FAB /* AppDetailsViewController.xib */,
			);
			name = "App Details";
			sourceTree = "<group>";
		};
/* End PBXGroup section */

/* Begin PBXNativeTarget section */
		C9408002196B481800A55343 /* mindtimer */ = {
			isa = PBXNativeTarget;
			buildConfigurationList = C9408038196B481900A55343 /* Build configuration list for PBXNativeTarget "mindtimer" */;
			buildPhases = (
				1E63EEE7611547CE8702DFD2 /* Check Pods Manifest.lock */,
				C9407FFF196B481800A55343 /* Sources */,
				C9408000196B481800A55343 /* Frameworks */,
				C9408001196B481800A55343 /* Resources */,
				F215BF64BBE9486CBBFD8216 /* Copy Pods Resources */,
			);
			buildRules = (
			);
			dependencies = (
			);
			name = mindtimer;
			productName = Meditator;
			productReference = C9408003196B481800A55343 /* mindtimer.app */;
			productType = "com.apple.product-type.application";
		};
		C9408026196B481900A55343 /* mindtimerTests */ = {
			isa = PBXNativeTarget;
			buildConfigurationList = C940803B196B481900A55343 /* Build configuration list for PBXNativeTarget "mindtimerTests" */;
			buildPhases = (
				C9408023196B481900A55343 /* Sources */,
				C9408024196B481900A55343 /* Frameworks */,
				C9408025196B481900A55343 /* Resources */,
			);
			buildRules = (
			);
			dependencies = (
				C940802D196B481900A55343 /* PBXTargetDependency */,
			);
			name = mindtimerTests;
			productName = MeditatorTests;
			productReference = C9408027196B481900A55343 /* mindtimerTests.xctest */;
			productType = "com.apple.product-type.bundle.unit-test";
		};
/* End PBXNativeTarget section */

/* Begin PBXProject section */
		C9407FFB196B481800A55343 /* Project object */ = {
			isa = PBXProject;
			attributes = {
				LastUpgradeCheck = 0510;
				ORGANIZATIONNAME = AppSimple;
				TargetAttributes = {
					C9408026196B481900A55343 = {
						TestTargetID = C9408002196B481800A55343;
					};
				};
			};
			buildConfigurationList = C9407FFE196B481800A55343 /* Build configuration list for PBXProject "mindtimer" */;
			compatibilityVersion = "Xcode 3.2";
			developmentRegion = English;
			hasScannedForEncodings = 0;
			knownRegions = (
				en,
				Base,
			);
			mainGroup = C9407FFA196B481800A55343;
			productRefGroup = C9408004196B481800A55343 /* Products */;
			projectDirPath = "";
			projectRoot = "";
			targets = (
				C9408002196B481800A55343 /* mindtimer */,
				C9408026196B481900A55343 /* mindtimerTests */,
			);
		};
/* End PBXProject section */

/* Begin PBXResourcesBuildPhase section */
		C9408001196B481800A55343 /* Resources */ = {
			isa = PBXResourcesBuildPhase;
			buildActionMask = 2147483647;
			files = (
				C940801D196B481800A55343 /* Main_iPad.storyboard in Resources */,
				C9408022196B481800A55343 /* Images.xcassets in Resources */,
				C940801A196B481800A55343 /* Main_iPhone.storyboard in Resources */,
				C905B4F5197491EC00597899 /* bell.aif in Resources */,
				C940804D196B6EE600A55343 /* SelectorCell.xib in Resources */,
				C954B9F51979EF9000FD4FAB /* AppCell.xib in Resources */,
				C954B9E41977510800FD4FAB /* SingleIntervalCell.xib in Resources */,
				C954B9E919787C1700FD4FAB /* StartCell.xib in Resources */,
				C954B9CC1975DF6F00FD4FAB /* drum.aif in Resources */,
				C954B9DC19771E5900FD4FAB /* IntervalCell.xib in Resources */,
				C9408011196B481800A55343 /* InfoPlist.strings in Resources */,
				C954B9FB1979FB7F00FD4FAB /* AppDetailsViewController.xib in Resources */,
			);
			runOnlyForDeploymentPostprocessing = 0;
		};
		C9408025196B481900A55343 /* Resources */ = {
			isa = PBXResourcesBuildPhase;
			buildActionMask = 2147483647;
			files = (
				C9408033196B481900A55343 /* InfoPlist.strings in Resources */,
			);
			runOnlyForDeploymentPostprocessing = 0;
		};
/* End PBXResourcesBuildPhase section */

/* Begin PBXShellScriptBuildPhase section */
		1E63EEE7611547CE8702DFD2 /* Check Pods Manifest.lock */ = {
			isa = PBXShellScriptBuildPhase;
			buildActionMask = 2147483647;
			files = (
			);
			inputPaths = (
			);
			name = "Check Pods Manifest.lock";
			outputPaths = (
			);
			runOnlyForDeploymentPostprocessing = 0;
			shellPath = /bin/sh;
			shellScript = "diff \"${PODS_ROOT}/../Podfile.lock\" \"${PODS_ROOT}/Manifest.lock\" > /dev/null\nif [[ $? != 0 ]] ; then\n    cat << EOM\nerror: The sandbox is not in sync with the Podfile.lock. Run 'pod install' or update your CocoaPods installation.\nEOM\n    exit 1\nfi\n";
			showEnvVarsInLog = 0;
		};
		F215BF64BBE9486CBBFD8216 /* Copy Pods Resources */ = {
			isa = PBXShellScriptBuildPhase;
			buildActionMask = 2147483647;
			files = (
			);
			inputPaths = (
			);
			name = "Copy Pods Resources";
			outputPaths = (
			);
			runOnlyForDeploymentPostprocessing = 0;
			shellPath = /bin/sh;
			shellScript = "\"${SRCROOT}/Pods/Pods-resources.sh\"\n";
			showEnvVarsInLog = 0;
		};
/* End PBXShellScriptBuildPhase section */

/* Begin PBXSourcesBuildPhase section */
		C9407FFF196B481800A55343 /* Sources */ = {
			isa = PBXSourcesBuildPhase;
			buildActionMask = 2147483647;
			files = (
				C9408068196E1CF600A55343 /* Timer.m in Sources */,
				C954BA07197F27A400FD4FAB /* Purchaser.m in Sources */,
				C954B9FA1979FB7F00FD4FAB /* AppDetailsViewController.m in Sources */,
				C905B4EE19747CE300597899 /* LocalNotificationScheduler.m in Sources */,
				C9408053196CA31D00A55343 /* TimerViewController.m in Sources */,
				C905B4F8197499F300597899 /* SoundEffectPlayer.m in Sources */,
				C954B9E819787C1700FD4FAB /* StartCell.m in Sources */,
				C940805C196CB0C100A55343 /* TimerView.m in Sources */,
				C9408043196B622F00A55343 /* SettingsTableViewController.m in Sources */,
				C954B9E01977277000FD4FAB /* IntervalCellDelegateAndDataSource.m in Sources */,
				C905B4F11974843A00597899 /* InstructionsViewController.m in Sources */,
				C954BA04197DE61400FD4FAB /* MindTimerIAPHelper.m in Sources */,
				C9408017196B481800A55343 /* AppDelegate.m in Sources */,
				C954B9DB19771E5900FD4FAB /* IntervalCell.m in Sources */,
				C954B9F41979EF9000FD4FAB /* AppCell.m in Sources */,
				C954B9FE197DCCC000FD4FAB /* IAPHelper.m in Sources */,
				C954B9F01979EBA500FD4FAB /* CompanyInfoTVController.m in Sources */,
				C9901ED9196F4070005A8734 /* UIImage+BlurEffects.m in Sources */,
				C940804C196B6EE600A55343 /* SelectorCell.m in Sources */,
				C9408013196B481800A55343 /* main.m in Sources */,
				C9901EDF1970B6E6005A8734 /* MorphingTimerLabel.m in Sources */,
			);
			runOnlyForDeploymentPostprocessing = 0;
		};
		C9408023196B481900A55343 /* Sources */ = {
			isa = PBXSourcesBuildPhase;
			buildActionMask = 2147483647;
			files = (
				C9408035196B481900A55343 /* MeditatorTests.m in Sources */,
			);
			runOnlyForDeploymentPostprocessing = 0;
		};
/* End PBXSourcesBuildPhase section */

/* Begin PBXTargetDependency section */
		C940802D196B481900A55343 /* PBXTargetDependency */ = {
			isa = PBXTargetDependency;
			target = C9408002196B481800A55343 /* mindtimer */;
			targetProxy = C940802C196B481900A55343 /* PBXContainerItemProxy */;
		};
/* End PBXTargetDependency section */

/* Begin PBXVariantGroup section */
		C940800F196B481800A55343 /* InfoPlist.strings */ = {
			isa = PBXVariantGroup;
			children = (
				C9408010196B481800A55343 /* en */,
			);
			name = InfoPlist.strings;
			sourceTree = "<group>";
		};
		C9408018196B481800A55343 /* Main_iPhone.storyboard */ = {
			isa = PBXVariantGroup;
			children = (
				C9408019196B481800A55343 /* Base */,
			);
			name = Main_iPhone.storyboard;
			sourceTree = "<group>";
		};
		C940801B196B481800A55343 /* Main_iPad.storyboard */ = {
			isa = PBXVariantGroup;
			children = (
				C940801C196B481800A55343 /* Base */,
			);
			name = Main_iPad.storyboard;
			sourceTree = "<group>";
		};
		C9408031196B481900A55343 /* InfoPlist.strings */ = {
			isa = PBXVariantGroup;
			children = (
				C9408032196B481900A55343 /* en */,
			);
			name = InfoPlist.strings;
			sourceTree = "<group>";
		};
/* End PBXVariantGroup section */

/* Begin XCBuildConfiguration section */
		C9408036196B481900A55343 /* Debug */ = {
			isa = XCBuildConfiguration;
			buildSettings = {
				ALWAYS_SEARCH_USER_PATHS = NO;
				CLANG_CXX_LANGUAGE_STANDARD = "gnu++0x";
				CLANG_CXX_LIBRARY = "libc++";
				CLANG_ENABLE_MODULES = YES;
				CLANG_ENABLE_OBJC_ARC = YES;
				CLANG_WARN_BOOL_CONVERSION = YES;
				CLANG_WARN_CONSTANT_CONVERSION = YES;
				CLANG_WARN_DIRECT_OBJC_ISA_USAGE = YES_ERROR;
				CLANG_WARN_EMPTY_BODY = YES;
				CLANG_WARN_ENUM_CONVERSION = YES;
				CLANG_WARN_INT_CONVERSION = YES;
				CLANG_WARN_OBJC_ROOT_CLASS = YES_ERROR;
				CLANG_WARN__DUPLICATE_METHOD_MATCH = YES;
				"CODE_SIGN_IDENTITY[sdk=iphoneos*]" = "iPhone Developer";
				COPY_PHASE_STRIP = NO;
				GCC_C_LANGUAGE_STANDARD = gnu99;
				GCC_DYNAMIC_NO_PIC = NO;
				GCC_OPTIMIZATION_LEVEL = 0;
				GCC_PREPROCESSOR_DEFINITIONS = (
					"DEBUG=1",
					"$(inherited)",
				);
				GCC_SYMBOLS_PRIVATE_EXTERN = NO;
				GCC_WARN_64_TO_32_BIT_CONVERSION = YES;
				GCC_WARN_ABOUT_RETURN_TYPE = YES_ERROR;
				GCC_WARN_UNDECLARED_SELECTOR = YES;
				GCC_WARN_UNINITIALIZED_AUTOS = YES_AGGRESSIVE;
				GCC_WARN_UNUSED_FUNCTION = YES;
				GCC_WARN_UNUSED_VARIABLE = YES;
				IPHONEOS_DEPLOYMENT_TARGET = 7.1;
				ONLY_ACTIVE_ARCH = YES;
				SDKROOT = iphoneos;
				TARGETED_DEVICE_FAMILY = "1,2";
			};
			name = Debug;
		};
		C9408037196B481900A55343 /* Release */ = {
			isa = XCBuildConfiguration;
			buildSettings = {
				ALWAYS_SEARCH_USER_PATHS = NO;
				CLANG_CXX_LANGUAGE_STANDARD = "gnu++0x";
				CLANG_CXX_LIBRARY = "libc++";
				CLANG_ENABLE_MODULES = YES;
				CLANG_ENABLE_OBJC_ARC = YES;
				CLANG_WARN_BOOL_CONVERSION = YES;
				CLANG_WARN_CONSTANT_CONVERSION = YES;
				CLANG_WARN_DIRECT_OBJC_ISA_USAGE = YES_ERROR;
				CLANG_WARN_EMPTY_BODY = YES;
				CLANG_WARN_ENUM_CONVERSION = YES;
				CLANG_WARN_INT_CONVERSION = YES;
				CLANG_WARN_OBJC_ROOT_CLASS = YES_ERROR;
				CLANG_WARN__DUPLICATE_METHOD_MATCH = YES;
				"CODE_SIGN_IDENTITY[sdk=iphoneos*]" = "iPhone Developer";
				COPY_PHASE_STRIP = YES;
				ENABLE_NS_ASSERTIONS = NO;
				GCC_C_LANGUAGE_STANDARD = gnu99;
				GCC_WARN_64_TO_32_BIT_CONVERSION = YES;
				GCC_WARN_ABOUT_RETURN_TYPE = YES_ERROR;
				GCC_WARN_UNDECLARED_SELECTOR = YES;
				GCC_WARN_UNINITIALIZED_AUTOS = YES_AGGRESSIVE;
				GCC_WARN_UNUSED_FUNCTION = YES;
				GCC_WARN_UNUSED_VARIABLE = YES;
				IPHONEOS_DEPLOYMENT_TARGET = 7.1;
				SDKROOT = iphoneos;
				TARGETED_DEVICE_FAMILY = "1,2";
				VALIDATE_PRODUCT = YES;
			};
			name = Release;
		};
		C9408039196B481900A55343 /* Debug */ = {
			isa = XCBuildConfiguration;
			baseConfigurationReference = B08891E72853412E87440466 /* Pods.xcconfig */;
			buildSettings = {
				ASSETCATALOG_COMPILER_APPICON_NAME = AppIcon;
				ASSETCATALOG_COMPILER_LAUNCHIMAGE_NAME = LaunchImage;
				GCC_PRECOMPILE_PREFIX_HEADER = YES;
				GCC_PREFIX_HEADER = "Meditator/mindtimer-Prefix.pch";
				INFOPLIST_FILE = "Meditator/mindtimer-Info.plist";
				IPHONEOS_DEPLOYMENT_TARGET = 7.1;
				PRODUCT_NAME = mindtimer;
				WRAPPER_EXTENSION = app;
			};
			name = Debug;
		};
		C940803A196B481900A55343 /* Release */ = {
			isa = XCBuildConfiguration;
			baseConfigurationReference = B08891E72853412E87440466 /* Pods.xcconfig */;
			buildSettings = {
				ASSETCATALOG_COMPILER_APPICON_NAME = AppIcon;
				ASSETCATALOG_COMPILER_LAUNCHIMAGE_NAME = LaunchImage;
				GCC_PRECOMPILE_PREFIX_HEADER = YES;
				GCC_PREFIX_HEADER = "Meditator/mindtimer-Prefix.pch";
				INFOPLIST_FILE = "Meditator/mindtimer-Info.plist";
				IPHONEOS_DEPLOYMENT_TARGET = 7.1;
				PRODUCT_NAME = mindtimer;
				WRAPPER_EXTENSION = app;
			};
			name = Release;
		};
		C940803C196B481900A55343 /* Debug */ = {
			isa = XCBuildConfiguration;
			buildSettings = {
				BUNDLE_LOADER = "$(BUILT_PRODUCTS_DIR)/Meditator.app/Meditator";
				FRAMEWORK_SEARCH_PATHS = (
					"$(SDKROOT)/Developer/Library/Frameworks",
					"$(inherited)",
					"$(DEVELOPER_FRAMEWORKS_DIR)",
				);
				GCC_PRECOMPILE_PREFIX_HEADER = YES;
				GCC_PREFIX_HEADER = "Meditator/Meditator-Prefix.pch";
				GCC_PREPROCESSOR_DEFINITIONS = (
					"DEBUG=1",
					"$(inherited)",
				);
				INFOPLIST_FILE = "MeditatorTests/mindtimerTests-Info.plist";
				PRODUCT_NAME = mindtimerTests;
				TEST_HOST = "$(BUNDLE_LOADER)";
				WRAPPER_EXTENSION = xctest;
			};
			name = Debug;
		};
		C940803D196B481900A55343 /* Release */ = {
			isa = XCBuildConfiguration;
			buildSettings = {
				BUNDLE_LOADER = "$(BUILT_PRODUCTS_DIR)/Meditator.app/Meditator";
				FRAMEWORK_SEARCH_PATHS = (
					"$(SDKROOT)/Developer/Library/Frameworks",
					"$(inherited)",
					"$(DEVELOPER_FRAMEWORKS_DIR)",
				);
				GCC_PRECOMPILE_PREFIX_HEADER = YES;
				GCC_PREFIX_HEADER = "Meditator/Meditator-Prefix.pch";
				INFOPLIST_FILE = "MeditatorTests/mindtimerTests-Info.plist";
				PRODUCT_NAME = mindtimerTests;
				TEST_HOST = "$(BUNDLE_LOADER)";
				WRAPPER_EXTENSION = xctest;
			};
			name = Release;
		};
/* End XCBuildConfiguration section */

/* Begin XCConfigurationList section */
		C9407FFE196B481800A55343 /* Build configuration list for PBXProject "mindtimer" */ = {
			isa = XCConfigurationList;
			buildConfigurations = (
				C9408036196B481900A55343 /* Debug */,
				C9408037196B481900A55343 /* Release */,
			);
			defaultConfigurationIsVisible = 0;
			defaultConfigurationName = Release;
		};
		C9408038196B481900A55343 /* Build configuration list for PBXNativeTarget "mindtimer" */ = {
			isa = XCConfigurationList;
			buildConfigurations = (
				C9408039196B481900A55343 /* Debug */,
				C940803A196B481900A55343 /* Release */,
			);
			defaultConfigurationIsVisible = 0;
			defaultConfigurationName = Release;
		};
		C940803B196B481900A55343 /* Build configuration list for PBXNativeTarget "mindtimerTests" */ = {
			isa = XCConfigurationList;
			buildConfigurations = (
				C940803C196B481900A55343 /* Debug */,
				C940803D196B481900A55343 /* Release */,
			);
			defaultConfigurationIsVisible = 0;
			defaultConfigurationName = Release;
		};
/* End XCConfigurationList section */
	};
	rootObject = C9407FFB196B481800A55343 /* Project object */;
}
