// !$*UTF8*$!
{
	archiveVersion = 1;
	classes = {
	};
	objectVersion = 46;
	objects = {

/* Begin PBXBuildFile section */
		C9408007196B481800A55343 /* Foundation.framework in Frameworks */ = {isa = PBXBuildFile; fileRef = C9408006196B481800A55343 /* Foundation.framework */; };
		C9408009196B481800A55343 /* CoreGraphics.framework in Frameworks */ = {isa = PBXBuildFile; fileRef = C9408008196B481800A55343 /* CoreGraphics.framework */; };
		C940800B196B481800A55343 /* UIKit.framework in Frameworks */ = {isa = PBXBuildFile; fileRef = C940800A196B481800A55343 /* UIKit.framework */; };
		C9408011196B481800A55343 /* InfoPlist.strings in Resources */ = {isa = PBXBuildFile; fileRef = C940800F196B481800A55343 /* InfoPlist.strings */; };
		C9408013196B481800A55343 /* main.m in Sources */ = {isa = PBXBuildFile; fileRef = C9408012196B481800A55343 /* main.m */; };
		C9408017196B481800A55343 /* AppDelegate.m in Sources */ = {isa = PBXBuildFile; fileRef = C9408016196B481800A55343 /* AppDelegate.m */; };
		C940801A196B481800A55343 /* Main_iPhone.storyboard in Resources */ = {isa = PBXBuildFile; fileRef = C9408018196B481800A55343 /* Main_iPhone.storyboard */; };
		C940801D196B481800A55343 /* Main_iPad.storyboard in Resources */ = {isa = PBXBuildFile; fileRef = C940801B196B481800A55343 /* Main_iPad.storyboard */; };
		C9408022196B481800A55343 /* Images.xcassets in Resources */ = {isa = PBXBuildFile; fileRef = C9408021196B481800A55343 /* Images.xcassets */; };
		C9408029196B481900A55343 /* XCTest.framework in Frameworks */ = {isa = PBXBuildFile; fileRef = C9408028196B481900A55343 /* XCTest.framework */; };
		C940802A196B481900A55343 /* Foundation.framework in Frameworks */ = {isa = PBXBuildFile; fileRef = C9408006196B481800A55343 /* Foundation.framework */; };
		C940802B196B481900A55343 /* UIKit.framework in Frameworks */ = {isa = PBXBuildFile; fileRef = C940800A196B481800A55343 /* UIKit.framework */; };
		C9408033196B481900A55343 /* InfoPlist.strings in Resources */ = {isa = PBXBuildFile; fileRef = C9408031196B481900A55343 /* InfoPlist.strings */; };
		C9408035196B481900A55343 /* MeditatorTests.m in Sources */ = {isa = PBXBuildFile; fileRef = C9408034196B481900A55343 /* MeditatorTests.m */; };
		C9408040196B4AA800A55343 /* MinutesPickerViewDelegateAndDataSource.m in Sources */ = {isa = PBXBuildFile; fileRef = C940803F196B4AA800A55343 /* MinutesPickerViewDelegateAndDataSource.m */; };
		C9408043196B622F00A55343 /* SettingsTableViewController.m in Sources */ = {isa = PBXBuildFile; fileRef = C9408042196B622F00A55343 /* SettingsTableViewController.m */; };
		C9408047196B62D100A55343 /* MinutePickerViewCell.m in Sources */ = {isa = PBXBuildFile; fileRef = C9408045196B62D100A55343 /* MinutePickerViewCell.m */; };
		C9408048196B62D100A55343 /* MinutePickerViewCell.xib in Resources */ = {isa = PBXBuildFile; fileRef = C9408046196B62D100A55343 /* MinutePickerViewCell.xib */; };
		C940804C196B6EE600A55343 /* SoundSelectorCell.m in Sources */ = {isa = PBXBuildFile; fileRef = C940804A196B6EE600A55343 /* SoundSelectorCell.m */; };
		C940804D196B6EE600A55343 /* SoundSelectorCell.xib in Resources */ = {isa = PBXBuildFile; fileRef = C940804B196B6EE600A55343 /* SoundSelectorCell.xib */; };
		C9408053196CA31D00A55343 /* TimerViewController.m in Sources */ = {isa = PBXBuildFile; fileRef = C9408052196CA31D00A55343 /* TimerViewController.m */; };
/* End PBXBuildFile section */

/* Begin PBXContainerItemProxy section */
		C940802C196B481900A55343 /* PBXContainerItemProxy */ = {
			isa = PBXContainerItemProxy;
			containerPortal = C9407FFB196B481800A55343 /* Project object */;
			proxyType = 1;
			remoteGlobalIDString = C9408002196B481800A55343;
			remoteInfo = Meditator;
		};
/* End PBXContainerItemProxy section */

/* Begin PBXFileReference section */
		C9408003196B481800A55343 /* Meditator.app */ = {isa = PBXFileReference; explicitFileType = wrapper.application; includeInIndex = 0; path = Meditator.app; sourceTree = BUILT_PRODUCTS_DIR; };
		C9408006196B481800A55343 /* Foundation.framework */ = {isa = PBXFileReference; lastKnownFileType = wrapper.framework; name = Foundation.framework; path = System/Library/Frameworks/Foundation.framework; sourceTree = SDKROOT; };
		C9408008196B481800A55343 /* CoreGraphics.framework */ = {isa = PBXFileReference; lastKnownFileType = wrapper.framework; name = CoreGraphics.framework; path = System/Library/Frameworks/CoreGraphics.framework; sourceTree = SDKROOT; };
		C940800A196B481800A55343 /* UIKit.framework */ = {isa = PBXFileReference; lastKnownFileType = wrapper.framework; name = UIKit.framework; path = System/Library/Frameworks/UIKit.framework; sourceTree = SDKROOT; };
		C940800E196B481800A55343 /* Meditator-Info.plist */ = {isa = PBXFileReference; lastKnownFileType = text.plist.xml; path = "Meditator-Info.plist"; sourceTree = "<group>"; };
		C9408010196B481800A55343 /* en */ = {isa = PBXFileReference; lastKnownFileType = text.plist.strings; name = en; path = en.lproj/InfoPlist.strings; sourceTree = "<group>"; };
		C9408012196B481800A55343 /* main.m */ = {isa = PBXFileReference; lastKnownFileType = sourcecode.c.objc; path = main.m; sourceTree = "<group>"; };
		C9408014196B481800A55343 /* Meditator-Prefix.pch */ = {isa = PBXFileReference; lastKnownFileType = sourcecode.c.h; path = "Meditator-Prefix.pch"; sourceTree = "<group>"; };
		C9408015196B481800A55343 /* AppDelegate.h */ = {isa = PBXFileReference; lastKnownFileType = sourcecode.c.h; path = AppDelegate.h; sourceTree = "<group>"; };
		C9408016196B481800A55343 /* AppDelegate.m */ = {isa = PBXFileReference; lastKnownFileType = sourcecode.c.objc; path = AppDelegate.m; sourceTree = "<group>"; };
		C9408019196B481800A55343 /* Base */ = {isa = PBXFileReference; lastKnownFileType = file.storyboard; name = Base; path = Base.lproj/Main_iPhone.storyboard; sourceTree = "<group>"; };
		C940801C196B481800A55343 /* Base */ = {isa = PBXFileReference; lastKnownFileType = file.storyboard; name = Base; path = Base.lproj/Main_iPad.storyboard; sourceTree = "<group>"; };
		C9408021196B481800A55343 /* Images.xcassets */ = {isa = PBXFileReference; lastKnownFileType = folder.assetcatalog; path = Images.xcassets; sourceTree = "<group>"; };
		C9408027196B481900A55343 /* MeditatorTests.xctest */ = {isa = PBXFileReference; explicitFileType = wrapper.cfbundle; includeInIndex = 0; path = MeditatorTests.xctest; sourceTree = BUILT_PRODUCTS_DIR; };
		C9408028196B481900A55343 /* XCTest.framework */ = {isa = PBXFileReference; lastKnownFileType = wrapper.framework; name = XCTest.framework; path = Library/Frameworks/XCTest.framework; sourceTree = DEVELOPER_DIR; };
		C9408030196B481900A55343 /* MeditatorTests-Info.plist */ = {isa = PBXFileReference; lastKnownFileType = text.plist.xml; path = "MeditatorTests-Info.plist"; sourceTree = "<group>"; };
		C9408032196B481900A55343 /* en */ = {isa = PBXFileReference; lastKnownFileType = text.plist.strings; name = en; path = en.lproj/InfoPlist.strings; sourceTree = "<group>"; };
		C9408034196B481900A55343 /* MeditatorTests.m */ = {isa = PBXFileReference; lastKnownFileType = sourcecode.c.objc; path = MeditatorTests.m; sourceTree = "<group>"; };
		C940803E196B4AA800A55343 /* MinutesPickerViewDelegateAndDataSource.h */ = {isa = PBXFileReference; fileEncoding = 4; lastKnownFileType = sourcecode.c.h; path = MinutesPickerViewDelegateAndDataSource.h; sourceTree = "<group>"; };
		C940803F196B4AA800A55343 /* MinutesPickerViewDelegateAndDataSource.m */ = {isa = PBXFileReference; fileEncoding = 4; lastKnownFileType = sourcecode.c.objc; path = MinutesPickerViewDelegateAndDataSource.m; sourceTree = "<group>"; };
		C9408041196B622F00A55343 /* SettingsTableViewController.h */ = {isa = PBXFileReference; fileEncoding = 4; lastKnownFileType = sourcecode.c.h; path = SettingsTableViewController.h; sourceTree = "<group>"; };
		C9408042196B622F00A55343 /* SettingsTableViewController.m */ = {isa = PBXFileReference; fileEncoding = 4; lastKnownFileType = sourcecode.c.objc; path = SettingsTableViewController.m; sourceTree = "<group>"; };
		C9408044196B62D100A55343 /* MinutePickerViewCell.h */ = {isa = PBXFileReference; fileEncoding = 4; lastKnownFileType = sourcecode.c.h; path = MinutePickerViewCell.h; sourceTree = "<group>"; };
		C9408045196B62D100A55343 /* MinutePickerViewCell.m */ = {isa = PBXFileReference; fileEncoding = 4; lastKnownFileType = sourcecode.c.objc; path = MinutePickerViewCell.m; sourceTree = "<group>"; };
		C9408046196B62D100A55343 /* MinutePickerViewCell.xib */ = {isa = PBXFileReference; fileEncoding = 4; lastKnownFileType = file.xib; path = MinutePickerViewCell.xib; sourceTree = "<group>"; };
		C9408049196B6EE600A55343 /* SoundSelectorCell.h */ = {isa = PBXFileReference; fileEncoding = 4; lastKnownFileType = sourcecode.c.h; path = SoundSelectorCell.h; sourceTree = "<group>"; };
		C940804A196B6EE600A55343 /* SoundSelectorCell.m */ = {isa = PBXFileReference; fileEncoding = 4; lastKnownFileType = sourcecode.c.objc; path = SoundSelectorCell.m; sourceTree = "<group>"; };
		C940804B196B6EE600A55343 /* SoundSelectorCell.xib */ = {isa = PBXFileReference; fileEncoding = 4; lastKnownFileType = file.xib; path = SoundSelectorCell.xib; sourceTree = "<group>"; };
		C9408051196CA31D00A55343 /* TimerViewController.h */ = {isa = PBXFileReference; fileEncoding = 4; lastKnownFileType = sourcecode.c.h; path = TimerViewController.h; sourceTree = "<group>"; };
		C9408052196CA31D00A55343 /* TimerViewController.m */ = {isa = PBXFileReference; fileEncoding = 4; lastKnownFileType = sourcecode.c.objc; path = TimerViewController.m; sourceTree = "<group>"; };
/* End PBXFileReference section */

/* Begin PBXFrameworksBuildPhase section */
		C9408000196B481800A55343 /* Frameworks */ = {
			isa = PBXFrameworksBuildPhase;
			buildActionMask = 2147483647;
			files = (
				C9408009196B481800A55343 /* CoreGraphics.framework in Frameworks */,
				C940800B196B481800A55343 /* UIKit.framework in Frameworks */,
				C9408007196B481800A55343 /* Foundation.framework in Frameworks */,
			);
			runOnlyForDeploymentPostprocessing = 0;
		};
		C9408024196B481900A55343 /* Frameworks */ = {
			isa = PBXFrameworksBuildPhase;
			buildActionMask = 2147483647;
			files = (
				C9408029196B481900A55343 /* XCTest.framework in Frameworks */,
				C940802B196B481900A55343 /* UIKit.framework in Frameworks */,
				C940802A196B481900A55343 /* Foundation.framework in Frameworks */,
			);
			runOnlyForDeploymentPostprocessing = 0;
		};
/* End PBXFrameworksBuildPhase section */

/* Begin PBXGroup section */
		C9407FFA196B481800A55343 = {
			isa = PBXGroup;
			children = (
				C940800C196B481800A55343 /* Meditator */,
				C940802E196B481900A55343 /* MeditatorTests */,
				C9408005196B481800A55343 /* Frameworks */,
				C9408004196B481800A55343 /* Products */,
			);
			sourceTree = "<group>";
		};
		C9408004196B481800A55343 /* Products */ = {
			isa = PBXGroup;
			children = (
				C9408003196B481800A55343 /* Meditator.app */,
				C9408027196B481900A55343 /* MeditatorTests.xctest */,
			);
			name = Products;
			sourceTree = "<group>";
		};
		C9408005196B481800A55343 /* Frameworks */ = {
			isa = PBXGroup;
			children = (
				C9408006196B481800A55343 /* Foundation.framework */,
				C9408008196B481800A55343 /* CoreGraphics.framework */,
				C940800A196B481800A55343 /* UIKit.framework */,
				C9408028196B481900A55343 /* XCTest.framework */,
			);
			name = Frameworks;
			sourceTree = "<group>";
		};
		C940800C196B481800A55343 /* Meditator */ = {
			isa = PBXGroup;
			children = (
				C9408015196B481800A55343 /* AppDelegate.h */,
				C9408016196B481800A55343 /* AppDelegate.m */,
				C9408018196B481800A55343 /* Main_iPhone.storyboard */,
				C940801B196B481800A55343 /* Main_iPad.storyboard */,
				C9408021196B481800A55343 /* Images.xcassets */,
				C940800D196B481800A55343 /* Supporting Files */,
				C9408041196B622F00A55343 /* SettingsTableViewController.h */,
				C9408042196B622F00A55343 /* SettingsTableViewController.m */,
				C9408051196CA31D00A55343 /* TimerViewController.h */,
				C9408052196CA31D00A55343 /* TimerViewController.m */,
				C9408050196C99A600A55343 /* Cells */,
			);
			path = Meditator;
			sourceTree = "<group>";
		};
		C940800D196B481800A55343 /* Supporting Files */ = {
			isa = PBXGroup;
			children = (
				C940800E196B481800A55343 /* Meditator-Info.plist */,
				C940800F196B481800A55343 /* InfoPlist.strings */,
				C9408012196B481800A55343 /* main.m */,
				C9408014196B481800A55343 /* Meditator-Prefix.pch */,
			);
			name = "Supporting Files";
			sourceTree = "<group>";
		};
		C940802E196B481900A55343 /* MeditatorTests */ = {
			isa = PBXGroup;
			children = (
				C9408034196B481900A55343 /* MeditatorTests.m */,
				C940802F196B481900A55343 /* Supporting Files */,
			);
			path = MeditatorTests;
			sourceTree = "<group>";
		};
		C940802F196B481900A55343 /* Supporting Files */ = {
			isa = PBXGroup;
			children = (
				C9408030196B481900A55343 /* MeditatorTests-Info.plist */,
				C9408031196B481900A55343 /* InfoPlist.strings */,
			);
			name = "Supporting Files";
			sourceTree = "<group>";
		};
		C940804E196C98F500A55343 /* Sound Selector */ = {
			isa = PBXGroup;
			children = (
				C9408049196B6EE600A55343 /* SoundSelectorCell.h */,
				C940804A196B6EE600A55343 /* SoundSelectorCell.m */,
				C940804B196B6EE600A55343 /* SoundSelectorCell.xib */,
			);
			name = "Sound Selector";
			sourceTree = "<group>";
		};
		C940804F196C991A00A55343 /* Minute Picker */ = {
			isa = PBXGroup;
			children = (
				C940803E196B4AA800A55343 /* MinutesPickerViewDelegateAndDataSource.h */,
				C940803F196B4AA800A55343 /* MinutesPickerViewDelegateAndDataSource.m */,
				C9408044196B62D100A55343 /* MinutePickerViewCell.h */,
				C9408045196B62D100A55343 /* MinutePickerViewCell.m */,
				C9408046196B62D100A55343 /* MinutePickerViewCell.xib */,
			);
			name = "Minute Picker";
			sourceTree = "<group>";
		};
		C9408050196C99A600A55343 /* Cells */ = {
			isa = PBXGroup;
			children = (
				C940804F196C991A00A55343 /* Minute Picker */,
				C940804E196C98F500A55343 /* Sound Selector */,
			);
			name = Cells;
			sourceTree = "<group>";
		};
/* End PBXGroup section */

/* Begin PBXNativeTarget section */
		C9408002196B481800A55343 /* Meditator */ = {
			isa = PBXNativeTarget;
			buildConfigurationList = C9408038196B481900A55343 /* Build configuration list for PBXNativeTarget "Meditator" */;
			buildPhases = (
				C9407FFF196B481800A55343 /* Sources */,
				C9408000196B481800A55343 /* Frameworks */,
				C9408001196B481800A55343 /* Resources */,
			);
			buildRules = (
			);
			dependencies = (
			);
			name = Meditator;
			productName = Meditator;
			productReference = C9408003196B481800A55343 /* Meditator.app */;
			productType = "com.apple.product-type.application";
		};
		C9408026196B481900A55343 /* MeditatorTests */ = {
			isa = PBXNativeTarget;
			buildConfigurationList = C940803B196B481900A55343 /* Build configuration list for PBXNativeTarget "MeditatorTests" */;
			buildPhases = (
				C9408023196B481900A55343 /* Sources */,
				C9408024196B481900A55343 /* Frameworks */,
				C9408025196B481900A55343 /* Resources */,
			);
			buildRules = (
			);
			dependencies = (
				C940802D196B481900A55343 /* PBXTargetDependency */,
			);
			name = MeditatorTests;
			productName = MeditatorTests;
			productReference = C9408027196B481900A55343 /* MeditatorTests.xctest */;
			productType = "com.apple.product-type.bundle.unit-test";
		};
/* End PBXNativeTarget section */

/* Begin PBXProject section */
		C9407FFB196B481800A55343 /* Project object */ = {
			isa = PBXProject;
			attributes = {
				LastUpgradeCheck = 0510;
				ORGANIZATIONNAME = AppSimple;
				TargetAttributes = {
					C9408026196B481900A55343 = {
						TestTargetID = C9408002196B481800A55343;
					};
				};
			};
			buildConfigurationList = C9407FFE196B481800A55343 /* Build configuration list for PBXProject "Meditator" */;
			compatibilityVersion = "Xcode 3.2";
			developmentRegion = English;
			hasScannedForEncodings = 0;
			knownRegions = (
				en,
				Base,
			);
			mainGroup = C9407FFA196B481800A55343;
			productRefGroup = C9408004196B481800A55343 /* Products */;
			projectDirPath = "";
			projectRoot = "";
			targets = (
				C9408002196B481800A55343 /* Meditator */,
				C9408026196B481900A55343 /* MeditatorTests */,
			);
		};
/* End PBXProject section */

/* Begin PBXResourcesBuildPhase section */
		C9408001196B481800A55343 /* Resources */ = {
			isa = PBXResourcesBuildPhase;
			buildActionMask = 2147483647;
			files = (
				C9408048196B62D100A55343 /* MinutePickerViewCell.xib in Resources */,
				C940801D196B481800A55343 /* Main_iPad.storyboard in Resources */,
				C9408022196B481800A55343 /* Images.xcassets in Resources */,
				C940801A196B481800A55343 /* Main_iPhone.storyboard in Resources */,
				C940804D196B6EE600A55343 /* SoundSelectorCell.xib in Resources */,
				C9408011196B481800A55343 /* InfoPlist.strings in Resources */,
			);
			runOnlyForDeploymentPostprocessing = 0;
		};
		C9408025196B481900A55343 /* Resources */ = {
			isa = PBXResourcesBuildPhase;
			buildActionMask = 2147483647;
			files = (
				C9408033196B481900A55343 /* InfoPlist.strings in Resources */,
			);
			runOnlyForDeploymentPostprocessing = 0;
		};
/* End PBXResourcesBuildPhase section */

/* Begin PBXSourcesBuildPhase section */
		C9407FFF196B481800A55343 /* Sources */ = {
			isa = PBXSourcesBuildPhase;
			buildActionMask = 2147483647;
			files = (
				C9408047196B62D100A55343 /* MinutePickerViewCell.m in Sources */,
				C9408040196B4AA800A55343 /* MinutesPickerViewDelegateAndDataSource.m in Sources */,
				C9408053196CA31D00A55343 /* TimerViewController.m in Sources */,
				C9408043196B622F00A55343 /* SettingsTableViewController.m in Sources */,
				C9408017196B481800A55343 /* AppDelegate.m in Sources */,
				C940804C196B6EE600A55343 /* SoundSelectorCell.m in Sources */,
				C9408013196B481800A55343 /* main.m in Sources */,
			);
			runOnlyForDeploymentPostprocessing = 0;
		};
		C9408023196B481900A55343 /* Sources */ = {
			isa = PBXSourcesBuildPhase;
			buildActionMask = 2147483647;
			files = (
				C9408035196B481900A55343 /* MeditatorTests.m in Sources */,
			);
			runOnlyForDeploymentPostprocessing = 0;
		};
/* End PBXSourcesBuildPhase section */

/* Begin PBXTargetDependency section */
		C940802D196B481900A55343 /* PBXTargetDependency */ = {
			isa = PBXTargetDependency;
			target = C9408002196B481800A55343 /* Meditator */;
			targetProxy = C940802C196B481900A55343 /* PBXContainerItemProxy */;
		};
/* End PBXTargetDependency section */

/* Begin PBXVariantGroup section */
		C940800F196B481800A55343 /* InfoPlist.strings */ = {
			isa = PBXVariantGroup;
			children = (
				C9408010196B481800A55343 /* en */,
			);
			name = InfoPlist.strings;
			sourceTree = "<group>";
		};
		C9408018196B481800A55343 /* Main_iPhone.storyboard */ = {
			isa = PBXVariantGroup;
			children = (
				C9408019196B481800A55343 /* Base */,
			);
			name = Main_iPhone.storyboard;
			sourceTree = "<group>";
		};
		C940801B196B481800A55343 /* Main_iPad.storyboard */ = {
			isa = PBXVariantGroup;
			children = (
				C940801C196B481800A55343 /* Base */,
			);
			name = Main_iPad.storyboard;
			sourceTree = "<group>";
		};
		C9408031196B481900A55343 /* InfoPlist.strings */ = {
			isa = PBXVariantGroup;
			children = (
				C9408032196B481900A55343 /* en */,
			);
			name = InfoPlist.strings;
			sourceTree = "<group>";
		};
/* End PBXVariantGroup section */

/* Begin XCBuildConfiguration section */
		C9408036196B481900A55343 /* Debug */ = {
			isa = XCBuildConfiguration;
			buildSettings = {
				ALWAYS_SEARCH_USER_PATHS = NO;
				CLANG_CXX_LANGUAGE_STANDARD = "gnu++0x";
				CLANG_CXX_LIBRARY = "libc++";
				CLANG_ENABLE_MODULES = YES;
				CLANG_ENABLE_OBJC_ARC = YES;
				CLANG_WARN_BOOL_CONVERSION = YES;
				CLANG_WARN_CONSTANT_CONVERSION = YES;
				CLANG_WARN_DIRECT_OBJC_ISA_USAGE = YES_ERROR;
				CLANG_WARN_EMPTY_BODY = YES;
				CLANG_WARN_ENUM_CONVERSION = YES;
				CLANG_WARN_INT_CONVERSION = YES;
				CLANG_WARN_OBJC_ROOT_CLASS = YES_ERROR;
				CLANG_WARN__DUPLICATE_METHOD_MATCH = YES;
				"CODE_SIGN_IDENTITY[sdk=iphoneos*]" = "iPhone Developer";
				COPY_PHASE_STRIP = NO;
				GCC_C_LANGUAGE_STANDARD = gnu99;
				GCC_DYNAMIC_NO_PIC = NO;
				GCC_OPTIMIZATION_LEVEL = 0;
				GCC_PREPROCESSOR_DEFINITIONS = (
					"DEBUG=1",
					"$(inherited)",
				);
				GCC_SYMBOLS_PRIVATE_EXTERN = NO;
				GCC_WARN_64_TO_32_BIT_CONVERSION = YES;
				GCC_WARN_ABOUT_RETURN_TYPE = YES_ERROR;
				GCC_WARN_UNDECLARED_SELECTOR = YES;
				GCC_WARN_UNINITIALIZED_AUTOS = YES_AGGRESSIVE;
				GCC_WARN_UNUSED_FUNCTION = YES;
				GCC_WARN_UNUSED_VARIABLE = YES;
				IPHONEOS_DEPLOYMENT_TARGET = 7.1;
				ONLY_ACTIVE_ARCH = YES;
				SDKROOT = iphoneos;
				TARGETED_DEVICE_FAMILY = "1,2";
			};
			name = Debug;
		};
		C9408037196B481900A55343 /* Release */ = {
			isa = XCBuildConfiguration;
			buildSettings = {
				ALWAYS_SEARCH_USER_PATHS = NO;
				CLANG_CXX_LANGUAGE_STANDARD = "gnu++0x";
				CLANG_CXX_LIBRARY = "libc++";
				CLANG_ENABLE_MODULES = YES;
				CLANG_ENABLE_OBJC_ARC = YES;
				CLANG_WARN_BOOL_CONVERSION = YES;
				CLANG_WARN_CONSTANT_CONVERSION = YES;
				CLANG_WARN_DIRECT_OBJC_ISA_USAGE = YES_ERROR;
				CLANG_WARN_EMPTY_BODY = YES;
				CLANG_WARN_ENUM_CONVERSION = YES;
				CLANG_WARN_INT_CONVERSION = YES;
				CLANG_WARN_OBJC_ROOT_CLASS = YES_ERROR;
				CLANG_WARN__DUPLICATE_METHOD_MATCH = YES;
				"CODE_SIGN_IDENTITY[sdk=iphoneos*]" = "iPhone Developer";
				COPY_PHASE_STRIP = YES;
				ENABLE_NS_ASSERTIONS = NO;
				GCC_C_LANGUAGE_STANDARD = gnu99;
				GCC_WARN_64_TO_32_BIT_CONVERSION = YES;
				GCC_WARN_ABOUT_RETURN_TYPE = YES_ERROR;
				GCC_WARN_UNDECLARED_SELECTOR = YES;
				GCC_WARN_UNINITIALIZED_AUTOS = YES_AGGRESSIVE;
				GCC_WARN_UNUSED_FUNCTION = YES;
				GCC_WARN_UNUSED_VARIABLE = YES;
				IPHONEOS_DEPLOYMENT_TARGET = 7.1;
				SDKROOT = iphoneos;
				TARGETED_DEVICE_FAMILY = "1,2";
				VALIDATE_PRODUCT = YES;
			};
			name = Release;
		};
		C9408039196B481900A55343 /* Debug */ = {
			isa = XCBuildConfiguration;
			buildSettings = {
				ASSETCATALOG_COMPILER_APPICON_NAME = AppIcon;
				ASSETCATALOG_COMPILER_LAUNCHIMAGE_NAME = LaunchImage;
				GCC_PRECOMPILE_PREFIX_HEADER = YES;
				GCC_PREFIX_HEADER = "Meditator/Meditator-Prefix.pch";
				INFOPLIST_FILE = "Meditator/Meditator-Info.plist";
				PRODUCT_NAME = "$(TARGET_NAME)";
				WRAPPER_EXTENSION = app;
			};
			name = Debug;
		};
		C940803A196B481900A55343 /* Release */ = {
			isa = XCBuildConfiguration;
			buildSettings = {
				ASSETCATALOG_COMPILER_APPICON_NAME = AppIcon;
				ASSETCATALOG_COMPILER_LAUNCHIMAGE_NAME = LaunchImage;
				GCC_PRECOMPILE_PREFIX_HEADER = YES;
				GCC_PREFIX_HEADER = "Meditator/Meditator-Prefix.pch";
				INFOPLIST_FILE = "Meditator/Meditator-Info.plist";
				PRODUCT_NAME = "$(TARGET_NAME)";
				WRAPPER_EXTENSION = app;
			};
			name = Release;
		};
		C940803C196B481900A55343 /* Debug */ = {
			isa = XCBuildConfiguration;
			buildSettings = {
				BUNDLE_LOADER = "$(BUILT_PRODUCTS_DIR)/Meditator.app/Meditator";
				FRAMEWORK_SEARCH_PATHS = (
					"$(SDKROOT)/Developer/Library/Frameworks",
					"$(inherited)",
					"$(DEVELOPER_FRAMEWORKS_DIR)",
				);
				GCC_PRECOMPILE_PREFIX_HEADER = YES;
				GCC_PREFIX_HEADER = "Meditator/Meditator-Prefix.pch";
				GCC_PREPROCESSOR_DEFINITIONS = (
					"DEBUG=1",
					"$(inherited)",
				);
				INFOPLIST_FILE = "MeditatorTests/MeditatorTests-Info.plist";
				PRODUCT_NAME = "$(TARGET_NAME)";
				TEST_HOST = "$(BUNDLE_LOADER)";
				WRAPPER_EXTENSION = xctest;
			};
			name = Debug;
		};
		C940803D196B481900A55343 /* Release */ = {
			isa = XCBuildConfiguration;
			buildSettings = {
				BUNDLE_LOADER = "$(BUILT_PRODUCTS_DIR)/Meditator.app/Meditator";
				FRAMEWORK_SEARCH_PATHS = (
					"$(SDKROOT)/Developer/Library/Frameworks",
					"$(inherited)",
					"$(DEVELOPER_FRAMEWORKS_DIR)",
				);
				GCC_PRECOMPILE_PREFIX_HEADER = YES;
				GCC_PREFIX_HEADER = "Meditator/Meditator-Prefix.pch";
				INFOPLIST_FILE = "MeditatorTests/MeditatorTests-Info.plist";
				PRODUCT_NAME = "$(TARGET_NAME)";
				TEST_HOST = "$(BUNDLE_LOADER)";
				WRAPPER_EXTENSION = xctest;
			};
			name = Release;
		};
/* End XCBuildConfiguration section */

/* Begin XCConfigurationList section */
		C9407FFE196B481800A55343 /* Build configuration list for PBXProject "Meditator" */ = {
			isa = XCConfigurationList;
			buildConfigurations = (
				C9408036196B481900A55343 /* Debug */,
				C9408037196B481900A55343 /* Release */,
			);
			defaultConfigurationIsVisible = 0;
			defaultConfigurationName = Release;
		};
		C9408038196B481900A55343 /* Build configuration list for PBXNativeTarget "Meditator" */ = {
			isa = XCConfigurationList;
			buildConfigurations = (
				C9408039196B481900A55343 /* Debug */,
				C940803A196B481900A55343 /* Release */,
			);
			defaultConfigurationIsVisible = 0;
		};
		C940803B196B481900A55343 /* Build configuration list for PBXNativeTarget "MeditatorTests" */ = {
			isa = XCConfigurationList;
			buildConfigurations = (
				C940803C196B481900A55343 /* Debug */,
				C940803D196B481900A55343 /* Release */,
			);
			defaultConfigurationIsVisible = 0;
		};
/* End XCConfigurationList section */
	};
	rootObject = C9407FFB196B481800A55343 /* Project object */;
}
